Microsoft Visual Studio Solution File, Format Version 12.00
# Visual Studio Version 17
VisualStudioVersion = 17.5.2.0
MinimumVisualStudioVersion = 10.0.40219.1
Project("{FAE04EC0-301F-11D3-BF4B-00C04F79EFBC}") = "RitmusShop_keszletkezelo", "RitmusShop_keszletkezelo.csproj", "{F5C0A2CC-3FD9-8C0B-7FD0-60555B9A1662}"
EndProject
Global
	GlobalSection(SolutionConfigurationPlatforms) = preSolution
		Debug|Any CPU = Debug|Any CPU
		Release|Any CPU = Release|Any CPU
	EndGlobalSection
	GlobalSection(ProjectConfigurationPlatforms) = postSolution
		{F5C0A2CC-3FD9-8C0B-7FD0-60555B9A1662}.Debug|Any CPU.ActiveCfg = Debug|Any CPU
		{F5C0A2CC-3FD9-8C0B-7FD0-60555B9A1662}.Debug|Any CPU.Build.0 = Debug|Any CPU
		{F5C0A2CC-3FD9-8C0B-7FD0-60555B9A1662}.Release|Any CPU.ActiveCfg = Release|Any CPU
		{F5C0A2CC-3FD9-8C0B-7FD0-60555B9A1662}.Release|Any CPU.Build.0 = Release|Any CPU
	EndGlobalSection
	GlobalSection(SolutionProperties) = preSolution
		HideSolutionNode = FALSE
	EndGlobalSection
	GlobalSection(ExtensibilityGlobals) = postSolution
		SolutionGuid = {D0E1FBBD-4695-4E97-974F-04A02D4201D8}
	EndGlobalSection
EndGlobal
